// !$*UTF8*$!
{
	archiveVersion = 1;
	classes = {
	};
	objectVersion = 46;
	objects = {

/* Begin PBXBuildFile section */
		69EC35E51D069953007CD404 /* AppDelegate.swift in Sources */ = {isa = PBXBuildFile; fileRef = 69EC35E41D069953007CD404 /* AppDelegate.swift */; };
		69EC35E71D069953007CD404 /* ViewController.swift in Sources */ = {isa = PBXBuildFile; fileRef = 69EC35E61D069953007CD404 /* ViewController.swift */; };
		69EC35EA1D069953007CD404 /* Main.storyboard in Resources */ = {isa = PBXBuildFile; fileRef = 69EC35E81D069953007CD404 /* Main.storyboard */; };
		69EC35EC1D069953007CD404 /* Assets.xcassets in Resources */ = {isa = PBXBuildFile; fileRef = 69EC35EB1D069953007CD404 /* Assets.xcassets */; };
		69EC35EF1D069953007CD404 /* LaunchScreen.storyboard in Resources */ = {isa = PBXBuildFile; fileRef = 69EC35ED1D069953007CD404 /* LaunchScreen.storyboard */; };
/* End PBXBuildFile section */

/* Begin PBXFileReference section */
		69EC35E11D069953007CD404 /* AddMoreEffect.app */ = {isa = PBXFileReference; explicitFileType = wrapper.application; includeInIndex = 0; path = AddMoreEffect.app; sourceTree = BUILT_PRODUCTS_DIR; };
		69EC35E41D069953007CD404 /* AppDelegate.swift */ = {isa = PBXFileReference; lastKnownFileType = sourcecode.swift; path = AppDelegate.swift; sourceTree = "<group>"; };
		69EC35E61D069953007CD404 /* ViewController.swift */ = {isa = PBXFileReference; lastKnownFileType = sourcecode.swift; path = ViewController.swift; sourceTree = "<group>"; };
		69EC35E91D069953007CD404 /* Base */ = {isa = PBXFileReference; lastKnownFileType = file.storyboard; name = Base; path = Base.lproj/Main.storyboard; sourceTree = "<group>"; };
		69EC35EB1D069953007CD404 /* Assets.xcassets */ = {isa = PBXFileReference; lastKnownFileType = folder.assetcatalog; path = Assets.xcassets; sourceTree = "<group>"; };
		69EC35EE1D069953007CD404 /* Base */ = {isa = PBXFileReference; lastKnownFileType = file.storyboard; name = Base; path = Base.lproj/LaunchScreen.storyboard; sourceTree = "<group>"; };
		69EC35F01D069953007CD404 /* Info.plist */ = {isa = PBXFileReference; lastKnownFileType = text.plist.xml; path = Info.plist; sourceTree = "<group>"; };
/* End PBXFileReference section */

/* Begin PBXFrameworksBuildPhase section */
		69EC35DE1D069953007CD404 /* Frameworks */ = {
			isa = PBXFrameworksBuildPhase;
			buildActionMask = 2147483647;
			files = (
			);
			runOnlyForDeploymentPostprocessing = 0;
		};
/* End PBXFrameworksBuildPhase section */

/* Begin PBXGroup section */
		69EC35D81D069953007CD404 = {
			isa = PBXGroup;
			children = (
				69EC35E31D069953007CD404 /* AddMoreEffect */,
				69EC35E21D069953007CD404 /* Products */,
			);
			sourceTree = "<group>";
		};
		69EC35E21D069953007CD404 /* Products */ = {
			isa = PBXGroup;
			children = (
				69EC35E11D069953007CD404 /* AddMoreEffect.app */,
			);
			name = Products;
			sourceTree = "<group>";
		};
		69EC35E31D069953007CD404 /* AddMoreEffect */ = {
			isa = PBXGroup;
			children = (
				69EC35E41D069953007CD404 /* AppDelegate.swift */,
				69EC35E61D069953007CD404 /* ViewController.swift */,
				69EC35E81D069953007CD404 /* Main.storyboard */,
				69EC35EB1D069953007CD404 /* Assets.xcassets */,
				69EC35ED1D069953007CD404 /* LaunchScreen.storyboard */,
				69EC35F01D069953007CD404 /* Info.plist */,
			);
			path = AddMoreEffect;
			sourceTree = "<group>";
		};
/* End PBXGroup section */

/* Begin PBXNativeTarget section */
		69EC35E01D069953007CD404 /* AddMoreEffect */ = {
			isa = PBXNativeTarget;
			buildConfigurationList = 69EC35F31D069953007CD404 /* Build configuration list for PBXNativeTarget "AddMoreEffect" */;
			buildPhases = (
				69EC35DD1D069953007CD404 /* Sources */,
				69EC35DE1D069953007CD404 /* Frameworks */,
				69EC35DF1D069953007CD404 /* Resources */,
			);
			buildRules = (
			);
			dependencies = (
			);
			name = AddMoreEffect;
			productName = AddMoreEffect;
			productReference = 69EC35E11D069953007CD404 /* AddMoreEffect.app */;
			productType = "com.apple.product-type.application";
		};
/* End PBXNativeTarget section */

/* Begin PBXProject section */
		69EC35D91D069953007CD404 /* Project object */ = {
			isa = PBXProject;
			attributes = {
				LastSwiftUpdateCheck = 0730;
				LastUpgradeCheck = 0730;
				ORGANIZATIONNAME = Bruce;
				TargetAttributes = {
					69EC35E01D069953007CD404 = {
						CreatedOnToolsVersion = 7.3.1;
					};
				};
			};
			buildConfigurationList = 69EC35DC1D069953007CD404 /* Build configuration list for PBXProject "AddMoreEffect" */;
			compatibilityVersion = "Xcode 3.2";
			developmentRegion = English;
			hasScannedForEncodings = 0;
			knownRegions = (
				en,
				Base,
			);
			mainGroup = 69EC35D81D069953007CD404;
			productRefGroup = 69EC35E21D069953007CD404 /* Products */;
			projectDirPath = "";
			projectRoot = "";
			targets = (
				69EC35E01D069953007CD404 /* AddMoreEffect */,
			);
		};
/* End PBXProject section */

/* Begin PBXResourcesBuildPhase section */
		69EC35DF1D069953007CD404 /* Resources */ = {
			isa = PBXResourcesBuildPhase;
			buildActionMask = 2147483647;
			files = (
				69EC35EF1D069953007CD404 /* LaunchScreen.storyboard in Resources */,
				69EC35EC1D069953007CD404 /* Assets.xcassets in Resources */,
				69EC35EA1D069953007CD404 /* Main.storyboard in Resources */,
			);
			runOnlyForDeploymentPostprocessing = 0;
		};
/* End PBXResourcesBuildPhase section */

/* Begin PBXSourcesBuildPhase section */
		69EC35DD1D069953007CD404 /* Sources */ = {
			isa = PBXSourcesBuildPhase;
			buildActionMask = 2147483647;
			files = (
				69EC35E71D069953007CD404 /* ViewController.swift in Sources */,
				69EC35E51D069953007CD404 /* AppDelegate.swift in Sources */,
			);
			runOnlyForDeploymentPostprocessing = 0;
		};
/* End PBXSourcesBuildPhase section */

/* Begin PBXVariantGroup section */
		69EC35E81D069953007CD404 /* Main.storyboard */ = {
			isa = PBXVariantGroup;
			children = (
				69EC35E91D069953007CD404 /* Base */,
			);
			name = Main.storyboard;
			sourceTree = "<group>";
		};
		69EC35ED1D069953007CD404 /* LaunchScreen.storyboard */ = {
			isa = PBXVariantGroup;
			children = (
				69EC35EE1D069953007CD404 /* Base */,
			);
			name = LaunchScreen.storyboard;
			sourceTree = "<group>";
		};
/* End PBXVariantGroup section */

/* Begin XCBuildConfiguration section */
		69EC35F11D069953007CD404 /* Debug */ = {
			isa = XCBuildConfiguration;
			buildSettings = {
				ALWAYS_SEARCH_USER_PATHS = NO;
				CLANG_ANALYZER_NONNULL = YES;
				CLANG_CXX_LANGUAGE_STANDARD = "gnu++0x";
				CLANG_CXX_LIBRARY = "libc++";
				CLANG_ENABLE_MODULES = YES;
				CLANG_ENABLE_OBJC_ARC = YES;
				CLANG_WARN_BOOL_CONVERSION = YES;
				CLANG_WARN_CONSTANT_CONVERSION = YES;
				CLANG_WARN_DIRECT_OBJC_ISA_USAGE = YES_ERROR;
				CLANG_WARN_EMPTY_BODY = YES;
				CLANG_WARN_ENUM_CONVERSION = YES;
				CLANG_WARN_INT_CONVERSION = YES;
				CLANG_WARN_OBJC_ROOT_CLASS = YES_ERROR;
				CLANG_WARN_UNREACHABLE_CODE = YES;
				CLANG_WARN__DUPLICATE_METHOD_MATCH = YES;
				"CODE_SIGN_IDENTITY[sdk=iphoneos*]" = "iPhone Developer";
				COPY_PHASE_STRIP = NO;
				DEBUG_INFORMATION_FORMAT = dwarf;
				ENABLE_STRICT_OBJC_MSGSEND = YES;
				ENABLE_TESTABILITY = YES;
				GCC_C_LANGUAGE_STANDARD = gnu99;
				GCC_DYNAMIC_NO_PIC = NO;
				GCC_NO_COMMON_BLOCKS = YES;
				GCC_OPTIMIZATION_LEVEL = 0;
				GCC_PREPROCESSOR_DEFINITIONS = (
					"DEBUG=1",
					"$(inherited)",
				);
				GCC_WARN_64_TO_32_BIT_CONVERSION = YES;
				GCC_WARN_ABOUT_RETURN_TYPE = YES_ERROR;
				GCC_WARN_UNDECLARED_SELECTOR = YES;
				GCC_WARN_UNINITIALIZED_AUTOS = YES_AGGRESSIVE;
				GCC_WARN_UNUSED_FUNCTION = YES;
				GCC_WARN_UNUSED_VARIABLE = YES;
				IPHONEOS_DEPLOYMENT_TARGET = 9.3;
				MTL_ENABLE_DEBUG_INFO = YES;
				ONLY_ACTIVE_ARCH = YES;
				SDKROOT = iphoneos;
				SWIFT_OPTIMIZATION_LEVEL = "-Onone";
				TARGETED_DEVICE_FAMILY = "1,2";
			};
			name = Debug;
		};
		69EC35F21D069953007CD404 /* Release */ = {
			isa = XCBuildConfiguration;
			buildSettings = {
				ALWAYS_SEARCH_USER_PATHS = NO;
				CLANG_ANALYZER_NONNULL = YES;
				CLANG_CXX_LANGUAGE_STANDARD = "gnu++0x";
				CLANG_CXX_LIBRARY = "libc++";
				CLANG_ENABLE_MODULES = YES;
				CLANG_ENABLE_OBJC_ARC = YES;
				CLANG_WARN_BOOL_CONVERSION = YES;
				CLANG_WARN_CONSTANT_CONVERSION = YES;
				CLANG_WARN_DIRECT_OBJC_ISA_USAGE = YES_ERROR;
				CLANG_WARN_EMPTY_BODY = YES;
				CLANG_WARN_ENUM_CONVERSION = YES;
				CLANG_WARN_INT_CONVERSION = YES;
				CLANG_WARN_OBJC_ROOT_CLASS = YES_ERROR;
				CLANG_WARN_UNREACHABLE_CODE = YES;
				CLANG_WARN__DUPLICATE_METHOD_MATCH = YES;
				"CODE_SIGN_IDENTITY[sdk=iphoneos*]" = "iPhone Developer";
				COPY_PHASE_STRIP = NO;
				DEBUG_INFORMATION_FORMAT = "dwarf-with-dsym";
				ENABLE_NS_ASSERTIONS = NO;
				ENABLE_STRICT_OBJC_MSGSEND = YES;
				GCC_C_LANGUAGE_STANDARD = gnu99;
				GCC_NO_COMMON_BLOCKS = YES;
				GCC_WARN_64_TO_32_BIT_CONVERSION = YES;
				GCC_WARN_ABOUT_RETURN_TYPE = YES_ERROR;
				GCC_WARN_UNDECLARED_SELECTOR = YES;
				GCC_WARN_UNINITIALIZED_AUTOS = YES_AGGRESSIVE;
				GCC_WARN_UNUSED_FUNCTION = YES;
				GCC_WARN_UNUSED_VARIABLE = YES;
				IPHONEOS_DEPLOYMENT_TARGET = 9.3;
				MTL_ENABLE_DEBUG_INFO = NO;
				SDKROOT = iphoneos;
				TARGETED_DEVICE_FAMILY = "1,2";
				VALIDATE_PRODUCT = YES;
			};
			name = Release;
		};
		69EC35F41D069953007CD404 /* Debug */ = {
			isa = XCBuildConfiguration;
			buildSettings = {
				ASSETCATALOG_COMPILER_APPICON_NAME = AppIcon;
				INFOPLIST_FILE = AddMoreEffect/Info.plist;
				LD_RUNPATH_SEARCH_PATHS = "$(inherited) @executable_path/Frameworks";
				PRODUCT_BUNDLE_IDENTIFIER = com.bruce.AddMoreEffect;
				PRODUCT_NAME = "$(TARGET_NAME)";
			};
			name = Debug;
		};
		69EC35F51D069953007CD404 /* Release */ = {
			isa = XCBuildConfiguration;
			buildSettings = {
				ASSETCATALOG_COMPILER_APPICON_NAME = AppIcon;
				INFOPLIST_FILE = AddMoreEffect/Info.plist;
				LD_RUNPATH_SEARCH_PATHS = "$(inherited) @executable_path/Frameworks";
				PRODUCT_BUNDLE_IDENTIFIER = com.bruce.AddMoreEffect;
				PRODUCT_NAME = "$(TARGET_NAME)";
			};
			name = Release;
		};
/* End XCBuildConfiguration section */

/* Begin XCConfigurationList section */
		69EC35DC1D069953007CD404 /* Build configuration list for PBXProject "AddMoreEffect" */ = {
			isa = XCConfigurationList;
			buildConfigurations = (
				69EC35F11D069953007CD404 /* Debug */,
				69EC35F21D069953007CD404 /* Release */,
			);
			defaultConfigurationIsVisible = 0;
			defaultConfigurationName = Release;
		};
		69EC35F31D069953007CD404 /* Build configuration list for PBXNativeTarget "AddMoreEffect" */ = {
			isa = XCConfigurationList;
			buildConfigurations = (
				69EC35F41D069953007CD404 /* Debug */,
				69EC35F51D069953007CD404 /* Release */,
			);
			defaultConfigurationIsVisible = 0;
		};
/* End XCConfigurationList section */
	};
	rootObject = 69EC35D91D069953007CD404 /* Project object */;
}
